
Microsoft Visual Studio Solution File, Format Version 12.00
# Visual Studio Version 17
VisualStudioVersion = 17.13.35931.197 d17.13
MinimumVisualStudioVersion = 10.0.40219.1
Project("{FAE04EC0-301F-11D3-BF4B-00C04F79EFBC}") = "HelloApp", "HelloApp\HelloApp.csproj", "{77A434FC-8694-425D-8625-01D314BE6B2B}"
EndProject
Global
	GlobalSection(SolutionConfigurationPlatforms) = preSolution
		Debug|Any CPU = Debug|Any CPU
		Release|Any CPU = Release|Any CPU
	EndGlobalSection
	GlobalSection(ProjectConfigurationPlatforms) = postSolution
		{77A434FC-8694-425D-8625-01D314BE6B2B}.Debug|Any CPU.ActiveCfg = Debug|Any CPU
		{77A434FC-8694-425D-8625-01D314BE6B2B}.Debug|Any CPU.Build.0 = Debug|Any CPU
		{77A434FC-8694-425D-8625-01D314BE6B2B}.Release|Any CPU.ActiveCfg = Release|Any CPU
		{77A434FC-8694-425D-8625-01D314BE6B2B}.Release|Any CPU.Build.0 = Release|Any CPU
	EndGlobalSection
	GlobalSection(SolutionProperties) = preSolution
		HideSolutionNode = FALSE
	EndGlobalSection
	GlobalSection(ExtensibilityGlobals) = postSolution
		SolutionGuid = {3D908030-B932-43BA-AD6C-6E8FC8CF8D8D}
	EndGlobalSection
EndGlobal
